
Microsoft Visual Studio Solution File, Format Version 12.00
# Visual Studio Version 17
VisualStudioVersion = 17.5.2.0
MinimumVisualStudioVersion = 10.0.40219.1
Project("{2150E333-8FDC-42A3-9474-1A3956D46DE8}") = "src", "src", "{7782C617-E530-4AD8-A572-CE33A89984D1}"
EndProject
Project("{9A19103F-16F7-4668-BE54-9A1E7A4F7556}") = "PeakVR", "src\PeakVR\PeakVR.csproj", "{F45F02D2-FF77-4E3A-9E5F-434A441468BE}"
EndProject
Project("{2150E333-8FDC-42A3-9474-1A3956D46DE8}") = "Preloader", "Preloader", "{1FACFC32-1603-8FD4-6DCC-05FB003BD2C2}"
EndProject
Project("{FAE04EC0-301F-11D3-BF4B-00C04F79EFBC}") = "LCVR.Preload", "Preloader\LCVR.Preload.csproj", "{5590C2A5-4459-45CB-BD83-B1113437C9C7}"
EndProject
Global
	GlobalSection(SolutionConfigurationPlatforms) = preSolution
		Debug|Any CPU = Debug|Any CPU
		Debug|x64 = Debug|x64
		Debug|x86 = Debug|x86
		Release|Any CPU = Release|Any CPU
		Release|x64 = Release|x64
		Release|x86 = Release|x86
	EndGlobalSection
	GlobalSection(ProjectConfigurationPlatforms) = postSolution
		{F45F02D2-FF77-4E3A-9E5F-434A441468BE}.Debug|Any CPU.ActiveCfg = Debug|Any CPU
		{F45F02D2-FF77-4E3A-9E5F-434A441468BE}.Debug|Any CPU.Build.0 = Debug|Any CPU
		{F45F02D2-FF77-4E3A-9E5F-434A441468BE}.Debug|x64.ActiveCfg = Debug|Any CPU
		{F45F02D2-FF77-4E3A-9E5F-434A441468BE}.Debug|x64.Build.0 = Debug|Any CPU
		{F45F02D2-FF77-4E3A-9E5F-434A441468BE}.Debug|x86.ActiveCfg = Debug|Any CPU
		{F45F02D2-FF77-4E3A-9E5F-434A441468BE}.Debug|x86.Build.0 = Debug|Any CPU
		{F45F02D2-FF77-4E3A-9E5F-434A441468BE}.Release|Any CPU.ActiveCfg = Release|Any CPU
		{F45F02D2-FF77-4E3A-9E5F-434A441468BE}.Release|Any CPU.Build.0 = Release|Any CPU
		{F45F02D2-FF77-4E3A-9E5F-434A441468BE}.Release|x64.ActiveCfg = Release|Any CPU
		{F45F02D2-FF77-4E3A-9E5F-434A441468BE}.Release|x64.Build.0 = Release|Any CPU
		{F45F02D2-FF77-4E3A-9E5F-434A441468BE}.Release|x86.ActiveCfg = Release|Any CPU
		{F45F02D2-FF77-4E3A-9E5F-434A441468BE}.Release|x86.Build.0 = Release|Any CPU
		{5590C2A5-4459-45CB-BD83-B1113437C9C7}.Debug|Any CPU.ActiveCfg = Debug|Any CPU
		{5590C2A5-4459-45CB-BD83-B1113437C9C7}.Debug|Any CPU.Build.0 = Debug|Any CPU
		{5590C2A5-4459-45CB-BD83-B1113437C9C7}.Debug|x64.ActiveCfg = Debug|Any CPU
		{5590C2A5-4459-45CB-BD83-B1113437C9C7}.Debug|x64.Build.0 = Debug|Any CPU
		{5590C2A5-4459-45CB-BD83-B1113437C9C7}.Debug|x86.ActiveCfg = Debug|Any CPU
		{5590C2A5-4459-45CB-BD83-B1113437C9C7}.Debug|x86.Build.0 = Debug|Any CPU
		{5590C2A5-4459-45CB-BD83-B1113437C9C7}.Release|Any CPU.ActiveCfg = Release|Any CPU
		{5590C2A5-4459-45CB-BD83-B1113437C9C7}.Release|Any CPU.Build.0 = Release|Any CPU
		{5590C2A5-4459-45CB-BD83-B1113437C9C7}.Release|x64.ActiveCfg = Release|Any CPU
		{5590C2A5-4459-45CB-BD83-B1113437C9C7}.Release|x64.Build.0 = Release|Any CPU
		{5590C2A5-4459-45CB-BD83-B1113437C9C7}.Release|x86.ActiveCfg = Release|Any CPU
		{5590C2A5-4459-45CB-BD83-B1113437C9C7}.Release|x86.Build.0 = Release|Any CPU
	EndGlobalSection
	GlobalSection(SolutionProperties) = preSolution
		HideSolutionNode = FALSE
	EndGlobalSection
	GlobalSection(NestedProjects) = preSolution
		{F45F02D2-FF77-4E3A-9E5F-434A441468BE} = {7782C617-E530-4AD8-A572-CE33A89984D1}
		{5590C2A5-4459-45CB-BD83-B1113437C9C7} = {1FACFC32-1603-8FD4-6DCC-05FB003BD2C2}
	EndGlobalSection
	GlobalSection(ExtensibilityGlobals) = postSolution
		SolutionGuid = {92F6D475-68F0-44D6-A1AF-A28F5948E381}
	EndGlobalSection
EndGlobal
